
Microsoft Visual Studio Solution File, Format Version 12.00
# Visual Studio Version 16
VisualStudioVersion = 16.0.29613.14
MinimumVisualStudioVersion = 10.0.40219.1
Project("{FAE04EC0-301F-11D3-BF4B-00C04F79EFBC}") = "MyFinance", "MyFinance\MyFinance.csproj", "{7AF7693F-9B84-4A08-85E7-202E60733304}"
EndProject
Global
	GlobalSection(SolutionConfigurationPlatforms) = preSolution
		Debug|Any CPU = Debug|Any CPU
		Release|Any CPU = Release|Any CPU
	EndGlobalSection
	GlobalSection(ProjectConfigurationPlatforms) = postSolution
		{7AF7693F-9B84-4A08-85E7-202E60733304}.Debug|Any CPU.ActiveCfg = Debug|Any CPU
		{7AF7693F-9B84-4A08-85E7-202E60733304}.Debug|Any CPU.Build.0 = Debug|Any CPU
		{7AF7693F-9B84-4A08-85E7-202E60733304}.Release|Any CPU.ActiveCfg = Release|Any CPU
		{7AF7693F-9B84-4A08-85E7-202E60733304}.Release|Any CPU.Build.0 = Release|Any CPU
	EndGlobalSection
	GlobalSection(SolutionProperties) = preSolution
		HideSolutionNode = FALSE
	EndGlobalSection
	GlobalSection(ExtensibilityGlobals) = postSolution
		SolutionGuid = {DF83DB1A-7C95-43BE-88A2-7D51D1464EC9}
	EndGlobalSection
EndGlobal
